
Microsoft Visual Studio Solution File, Format Version 12.00
# Visual Studio Version 17
VisualStudioVersion = 17.3.32901.215
MinimumVisualStudioVersion = 10.0.40219.1
Project("{FAE04EC0-301F-11D3-BF4B-00C04F79EFBC}") = "Services.Workflow", "Services.Workflow\Services.Workflow.csproj", "{F6691EE9-5F42-4503-B60B-CC28064CAAF8}"
EndProject
Global
	GlobalSection(SolutionConfigurationPlatforms) = preSolution
		Debug|Any CPU = Debug|Any CPU
		Release|Any CPU = Release|Any CPU
	EndGlobalSection
	GlobalSection(ProjectConfigurationPlatforms) = postSolution
		{F6691EE9-5F42-4503-B60B-CC28064CAAF8}.Debug|Any CPU.ActiveCfg = Debug|Any CPU
		{F6691EE9-5F42-4503-B60B-CC28064CAAF8}.Debug|Any CPU.Build.0 = Debug|Any CPU
		{F6691EE9-5F42-4503-B60B-CC28064CAAF8}.Release|Any CPU.ActiveCfg = Release|Any CPU
		{F6691EE9-5F42-4503-B60B-CC28064CAAF8}.Release|Any CPU.Build.0 = Release|Any CPU
	EndGlobalSection
	GlobalSection(SolutionProperties) = preSolution
		HideSolutionNode = FALSE
	EndGlobalSection
	GlobalSection(ExtensibilityGlobals) = postSolution
		SolutionGuid = {1619B1AA-EE2F-4D86-9374-6A3974DC7885}
	EndGlobalSection
EndGlobal
